// !$*UTF8*$!
{
	archiveVersion = 1;
	classes = {
	};
	objectVersion = 55;
	objects = {

/* Begin PBXBuildFile section */
		5FB09572284CE1C400337C7B /* SelectServerPresenter.swift in Sources */ = {isa = PBXBuildFile; fileRef = 5FB09571284CE1C400337C7B /* SelectServerPresenter.swift */; };
		5FB095762858A61D00337C7B /* SettingsViewController.swift in Sources */ = {isa = PBXBuildFile; fileRef = 5FB095752858A61C00337C7B /* SettingsViewController.swift */; };
		5FB095942860873B00337C7B /* SettingsCell.swift in Sources */ = {isa = PBXBuildFile; fileRef = 5FB095932860873B00337C7B /* SettingsCell.swift */; };
		5FB095962860CB5800337C7B /* PremiumSubscriptionCustomView.swift in Sources */ = {isa = PBXBuildFile; fileRef = 5FB095952860CB5800337C7B /* PremiumSubscriptionCustomView.swift */; };
		5FB095982860CD4C00337C7B /* VPNCustomView.swift in Sources */ = {isa = PBXBuildFile; fileRef = 5FB095972860CD4C00337C7B /* VPNCustomView.swift */; };
		5FB0959A2860CE9F00337C7B /* logo@2x.png in Resources */ = {isa = PBXBuildFile; fileRef = 5FB095992860CE9F00337C7B /* logo@2x.png */; };
		5FB0959C2860DF4A00337C7B /* Vector.png in Resources */ = {isa = PBXBuildFile; fileRef = 5FB0959B2860DF4900337C7B /* Vector.png */; };
		5FB095A52861E1B000337C7B /* Montserrat-Bold.ttf in Resources */ = {isa = PBXBuildFile; fileRef = 5FB095A12861E1B000337C7B /* Montserrat-Bold.ttf */; };
		5FB095A62861E1B000337C7B /* Montserrat-ExtraBold.ttf in Resources */ = {isa = PBXBuildFile; fileRef = 5FB095A22861E1B000337C7B /* Montserrat-ExtraBold.ttf */; };
		5FB095A72861E1B000337C7B /* Montserrat-Medium.ttf in Resources */ = {isa = PBXBuildFile; fileRef = 5FB095A32861E1B000337C7B /* Montserrat-Medium.ttf */; };
		5FB095A82861E1B000337C7B /* Montserrat-SemiBold.ttf in Resources */ = {isa = PBXBuildFile; fileRef = 5FB095A42861E1B000337C7B /* Montserrat-SemiBold.ttf */; };
		5FB095AA2862279400337C7B /* SubscribeScreenViewController.swift in Sources */ = {isa = PBXBuildFile; fileRef = 5FB095A92862279400337C7B /* SubscribeScreenViewController.swift */; };
		5FB095AC2862E38E00337C7B /* SubscribeCell.swift in Sources */ = {isa = PBXBuildFile; fileRef = 5FB095AB2862E38E00337C7B /* SubscribeCell.swift */; };
		5FBA71E9284550B8002983E9 /* AppDelegate.swift in Sources */ = {isa = PBXBuildFile; fileRef = 5FBA71E8284550B8002983E9 /* AppDelegate.swift */; };
		5FBA71EB284550B8002983E9 /* SceneDelegate.swift in Sources */ = {isa = PBXBuildFile; fileRef = 5FBA71EA284550B8002983E9 /* SceneDelegate.swift */; };
		5FBA71ED284550B8002983E9 /* FirstViewController.swift in Sources */ = {isa = PBXBuildFile; fileRef = 5FBA71EC284550B8002983E9 /* FirstViewController.swift */; };
		5FBA71F2284550BD002983E9 /* Assets.xcassets in Resources */ = {isa = PBXBuildFile; fileRef = 5FBA71F1284550BD002983E9 /* Assets.xcassets */; };
		5FBA71F5284550BD002983E9 /* LaunchScreen.storyboard in Resources */ = {isa = PBXBuildFile; fileRef = 5FBA71F3284550BD002983E9 /* LaunchScreen.storyboard */; };
		5FD42188284606D100F15FB7 /* SelectServerViewController.swift in Sources */ = {isa = PBXBuildFile; fileRef = 5FD42187284606D100F15FB7 /* SelectServerViewController.swift */; };
		5FD4218A28460DEA00F15FB7 /* SelectServerTableViewCell.swift in Sources */ = {isa = PBXBuildFile; fileRef = 5FD4218928460DEA00F15FB7 /* SelectServerTableViewCell.swift */; };
		5FD4218C28460E1100F15FB7 /* NetworkService.swift in Sources */ = {isa = PBXBuildFile; fileRef = 5FD4218B28460E1100F15FB7 /* NetworkService.swift */; };
		5FD4218E28460E5200F15FB7 /* SearchResponse.swift in Sources */ = {isa = PBXBuildFile; fileRef = 5FD4218D28460E5200F15FB7 /* SearchResponse.swift */; };
		5FD4219228464FCC00F15FB7 /* CurrentServerCustomView.swift in Sources */ = {isa = PBXBuildFile; fileRef = 5FD4219128464FCC00F15FB7 /* CurrentServerCustomView.swift */; };
		BC14FD2F4B00E1F9F9D86397 /* Pods_VPNApp.framework in Frameworks */ = {isa = PBXBuildFile; fileRef = F0542370F403E3B75BD8E7DE /* Pods_VPNApp.framework */; };
/* End PBXBuildFile section */

/* Begin PBXFileReference section */
		5FB09571284CE1C400337C7B /* SelectServerPresenter.swift */ = {isa = PBXFileReference; lastKnownFileType = sourcecode.swift; path = SelectServerPresenter.swift; sourceTree = "<group>"; };
		5FB095752858A61C00337C7B /* SettingsViewController.swift */ = {isa = PBXFileReference; lastKnownFileType = sourcecode.swift; path = SettingsViewController.swift; sourceTree = "<group>"; };
		5FB095932860873B00337C7B /* SettingsCell.swift */ = {isa = PBXFileReference; lastKnownFileType = sourcecode.swift; path = SettingsCell.swift; sourceTree = "<group>"; };
		5FB095952860CB5800337C7B /* PremiumSubscriptionCustomView.swift */ = {isa = PBXFileReference; lastKnownFileType = sourcecode.swift; path = PremiumSubscriptionCustomView.swift; sourceTree = "<group>"; };
		5FB095972860CD4C00337C7B /* VPNCustomView.swift */ = {isa = PBXFileReference; lastKnownFileType = sourcecode.swift; path = VPNCustomView.swift; sourceTree = "<group>"; };
		5FB095992860CE9F00337C7B /* logo@2x.png */ = {isa = PBXFileReference; lastKnownFileType = image.png; path = "logo@2x.png"; sourceTree = "<group>"; };
		5FB0959B2860DF4900337C7B /* Vector.png */ = {isa = PBXFileReference; lastKnownFileType = image.png; path = Vector.png; sourceTree = "<group>"; };
		5FB095A12861E1B000337C7B /* Montserrat-Bold.ttf */ = {isa = PBXFileReference; lastKnownFileType = file; path = "Montserrat-Bold.ttf"; sourceTree = "<group>"; };
		5FB095A22861E1B000337C7B /* Montserrat-ExtraBold.ttf */ = {isa = PBXFileReference; lastKnownFileType = file; path = "Montserrat-ExtraBold.ttf"; sourceTree = "<group>"; };
		5FB095A32861E1B000337C7B /* Montserrat-Medium.ttf */ = {isa = PBXFileReference; lastKnownFileType = file; path = "Montserrat-Medium.ttf"; sourceTree = "<group>"; };
		5FB095A42861E1B000337C7B /* Montserrat-SemiBold.ttf */ = {isa = PBXFileReference; lastKnownFileType = file; path = "Montserrat-SemiBold.ttf"; sourceTree = "<group>"; };
		5FB095A92862279400337C7B /* SubscribeScreenViewController.swift */ = {isa = PBXFileReference; lastKnownFileType = sourcecode.swift; path = SubscribeScreenViewController.swift; sourceTree = "<group>"; };
		5FB095AB2862E38E00337C7B /* SubscribeCell.swift */ = {isa = PBXFileReference; lastKnownFileType = sourcecode.swift; path = SubscribeCell.swift; sourceTree = "<group>"; };
		5FBA71E5284550B8002983E9 /* VPNApp.app */ = {isa = PBXFileReference; explicitFileType = wrapper.application; includeInIndex = 0; path = VPNApp.app; sourceTree = BUILT_PRODUCTS_DIR; };
		5FBA71E8284550B8002983E9 /* AppDelegate.swift */ = {isa = PBXFileReference; lastKnownFileType = sourcecode.swift; path = AppDelegate.swift; sourceTree = "<group>"; };
		5FBA71EA284550B8002983E9 /* SceneDelegate.swift */ = {isa = PBXFileReference; lastKnownFileType = sourcecode.swift; path = SceneDelegate.swift; sourceTree = "<group>"; };
		5FBA71EC284550B8002983E9 /* FirstViewController.swift */ = {isa = PBXFileReference; lastKnownFileType = sourcecode.swift; path = FirstViewController.swift; sourceTree = "<group>"; };
		5FBA71F1284550BD002983E9 /* Assets.xcassets */ = {isa = PBXFileReference; lastKnownFileType = folder.assetcatalog; path = Assets.xcassets; sourceTree = "<group>"; };
		5FBA71F4284550BD002983E9 /* Base */ = {isa = PBXFileReference; lastKnownFileType = file.storyboard; name = Base; path = Base.lproj/LaunchScreen.storyboard; sourceTree = "<group>"; };
		5FBA71F6284550BD002983E9 /* Info.plist */ = {isa = PBXFileReference; lastKnownFileType = text.plist.xml; path = Info.plist; sourceTree = "<group>"; };
		5FD42187284606D100F15FB7 /* SelectServerViewController.swift */ = {isa = PBXFileReference; lastKnownFileType = sourcecode.swift; path = SelectServerViewController.swift; sourceTree = "<group>"; };
		5FD4218928460DEA00F15FB7 /* SelectServerTableViewCell.swift */ = {isa = PBXFileReference; lastKnownFileType = sourcecode.swift; path = SelectServerTableViewCell.swift; sourceTree = "<group>"; };
		5FD4218B28460E1100F15FB7 /* NetworkService.swift */ = {isa = PBXFileReference; lastKnownFileType = sourcecode.swift; path = NetworkService.swift; sourceTree = "<group>"; };
		5FD4218D28460E5200F15FB7 /* SearchResponse.swift */ = {isa = PBXFileReference; lastKnownFileType = sourcecode.swift; path = SearchResponse.swift; sourceTree = "<group>"; };
		5FD4219128464FCC00F15FB7 /* CurrentServerCustomView.swift */ = {isa = PBXFileReference; lastKnownFileType = sourcecode.swift; path = CurrentServerCustomView.swift; sourceTree = "<group>"; };
		E879AB0AC29D8388E517711D /* Pods-VPNApp.release.xcconfig */ = {isa = PBXFileReference; includeInIndex = 1; lastKnownFileType = text.xcconfig; name = "Pods-VPNApp.release.xcconfig"; path = "Target Support Files/Pods-VPNApp/Pods-VPNApp.release.xcconfig"; sourceTree = "<group>"; };
		F0542370F403E3B75BD8E7DE /* Pods_VPNApp.framework */ = {isa = PBXFileReference; explicitFileType = wrapper.framework; includeInIndex = 0; path = Pods_VPNApp.framework; sourceTree = BUILT_PRODUCTS_DIR; };
		FA273BD46B92079A8AB96266 /* Pods-VPNApp.debug.xcconfig */ = {isa = PBXFileReference; includeInIndex = 1; lastKnownFileType = text.xcconfig; name = "Pods-VPNApp.debug.xcconfig"; path = "Target Support Files/Pods-VPNApp/Pods-VPNApp.debug.xcconfig"; sourceTree = "<group>"; };
/* End PBXFileReference section */

/* Begin PBXFrameworksBuildPhase section */
		5FBA71E2284550B8002983E9 /* Frameworks */ = {
			isa = PBXFrameworksBuildPhase;
			buildActionMask = 2147483647;
			files = (
				BC14FD2F4B00E1F9F9D86397 /* Pods_VPNApp.framework in Frameworks */,
			);
			runOnlyForDeploymentPostprocessing = 0;
		};
/* End PBXFrameworksBuildPhase section */

/* Begin PBXGroup section */
		336391410019AD965120A714 /* Frameworks */ = {
			isa = PBXGroup;
			children = (
				F0542370F403E3B75BD8E7DE /* Pods_VPNApp.framework */,
			);
			name = Frameworks;
			sourceTree = "<group>";
		};
		5FB0956E284CC9C200337C7B /* CustomViews */ = {
			isa = PBXGroup;
			children = (
				5FD4219128464FCC00F15FB7 /* CurrentServerCustomView.swift */,
				5FB095952860CB5800337C7B /* PremiumSubscriptionCustomView.swift */,
				5FB095972860CD4C00337C7B /* VPNCustomView.swift */,
			);
			path = CustomViews;
			sourceTree = "<group>";
		};
		5FB0956F284CC9D900337C7B /* AppDelegate */ = {
			isa = PBXGroup;
			children = (
				5FBA71E8284550B8002983E9 /* AppDelegate.swift */,
				5FBA71EA284550B8002983E9 /* SceneDelegate.swift */,
			);
			name = AppDelegate;
			sourceTree = "<group>";
		};
		5FB09570284CE1AE00337C7B /* Presenter */ = {
			isa = PBXGroup;
			children = (
				5FB09571284CE1C400337C7B /* SelectServerPresenter.swift */,
			);
			path = Presenter;
			sourceTree = "<group>";
		};
		5FB0959F2861DFE000337C7B /* Fonts */ = {
			isa = PBXGroup;
			children = (
				5FB095A12861E1B000337C7B /* Montserrat-Bold.ttf */,
				5FB095A22861E1B000337C7B /* Montserrat-ExtraBold.ttf */,
				5FB095A32861E1B000337C7B /* Montserrat-Medium.ttf */,
				5FB095A42861E1B000337C7B /* Montserrat-SemiBold.ttf */,
			);
			name = Fonts;
			sourceTree = "<group>";
		};
		5FB095A02861DFE800337C7B /* Images */ = {
			isa = PBXGroup;
			children = (
				5FB0959B2860DF4900337C7B /* Vector.png */,
				5FB095992860CE9F00337C7B /* logo@2x.png */,
			);
			name = Images;
			sourceTree = "<group>";
		};
		5FBA71DC284550B8002983E9 = {
			isa = PBXGroup;
			children = (
				5FBA71E7284550B8002983E9 /* VPNApp */,
				5FBA71E6284550B8002983E9 /* Products */,
				B508327C1A621ADB38F01FA6 /* Pods */,
				336391410019AD965120A714 /* Frameworks */,
			);
			sourceTree = "<group>";
		};
		5FBA71E6284550B8002983E9 /* Products */ = {
			isa = PBXGroup;
			children = (
				5FBA71E5284550B8002983E9 /* VPNApp.app */,
			);
			name = Products;
			sourceTree = "<group>";
		};
		5FBA71E7284550B8002983E9 /* VPNApp */ = {
			isa = PBXGroup;
			children = (
				5FB09570284CE1AE00337C7B /* Presenter */,
				5FB0956F284CC9D900337C7B /* AppDelegate */,
				5FD2A0BD2848960A001FE814 /* Networking */,
				5FD2A0BC284895F8001FE814 /* Structures */,
				5FD4218F28461F2C00F15FB7 /* Cells */,
				5FD4219028461F3400F15FB7 /* Controllers */,
				5FB0956E284CC9C200337C7B /* CustomViews */,
				5FD2A0BE2848961C001FE814 /* Files */,
			);
			path = VPNApp;
			sourceTree = "<group>";
		};
		5FD2A0BC284895F8001FE814 /* Structures */ = {
			isa = PBXGroup;
			children = (
				5FD4218D28460E5200F15FB7 /* SearchResponse.swift */,
			);
			path = Structures;
			sourceTree = "<group>";
		};
		5FD2A0BD2848960A001FE814 /* Networking */ = {
			isa = PBXGroup;
			children = (
				5FD4218B28460E1100F15FB7 /* NetworkService.swift */,
			);
			path = Networking;
			sourceTree = "<group>";
		};
		5FD2A0BE2848961C001FE814 /* Files */ = {
			isa = PBXGroup;
			children = (
				5FB095A02861DFE800337C7B /* Images */,
				5FB0959F2861DFE000337C7B /* Fonts */,
				5FBA71F1284550BD002983E9 /* Assets.xcassets */,
				5FBA71F3284550BD002983E9 /* LaunchScreen.storyboard */,
				5FBA71F6284550BD002983E9 /* Info.plist */,
			);
			name = Files;
			sourceTree = "<group>";
		};
		5FD4218F28461F2C00F15FB7 /* Cells */ = {
			isa = PBXGroup;
			children = (
				5FD4218928460DEA00F15FB7 /* SelectServerTableViewCell.swift */,
				5FB095932860873B00337C7B /* SettingsCell.swift */,
				5FB095AB2862E38E00337C7B /* SubscribeCell.swift */,
			);
			path = Cells;
			sourceTree = "<group>";
		};
		5FD4219028461F3400F15FB7 /* Controllers */ = {
			isa = PBXGroup;
			children = (
				5FBA71EC284550B8002983E9 /* FirstViewController.swift */,
				5FD42187284606D100F15FB7 /* SelectServerViewController.swift */,
				5FB095752858A61C00337C7B /* SettingsViewController.swift */,
				5FB095A92862279400337C7B /* SubscribeScreenViewController.swift */,
			);
			path = Controllers;
			sourceTree = "<group>";
		};
		B508327C1A621ADB38F01FA6 /* Pods */ = {
			isa = PBXGroup;
			children = (
				FA273BD46B92079A8AB96266 /* Pods-VPNApp.debug.xcconfig */,
				E879AB0AC29D8388E517711D /* Pods-VPNApp.release.xcconfig */,
			);
			path = Pods;
			sourceTree = "<group>";
		};
/* End PBXGroup section */

/* Begin PBXNativeTarget section */
		5FBA71E4284550B8002983E9 /* VPNApp */ = {
			isa = PBXNativeTarget;
			buildConfigurationList = 5FBA71F9284550BD002983E9 /* Build configuration list for PBXNativeTarget "VPNApp" */;
			buildPhases = (
				55C37E1C9C0AAB6384DBCF23 /* [CP] Check Pods Manifest.lock */,
				5FBA71E1284550B8002983E9 /* Sources */,
				5FBA71E2284550B8002983E9 /* Frameworks */,
				5FBA71E3284550B8002983E9 /* Resources */,
				9E78EF4D6E6E5AD98A6021A4 /* [CP] Embed Pods Frameworks */,
			);
			buildRules = (
			);
			dependencies = (
			);
			name = VPNApp;
			productName = VPNApp;
			productReference = 5FBA71E5284550B8002983E9 /* VPNApp.app */;
			productType = "com.apple.product-type.application";
		};
/* End PBXNativeTarget section */

/* Begin PBXProject section */
		5FBA71DD284550B8002983E9 /* Project object */ = {
			isa = PBXProject;
			attributes = {
				BuildIndependentTargetsInParallel = 1;
				LastSwiftUpdateCheck = 1310;
				LastUpgradeCheck = 1310;
				TargetAttributes = {
					5FBA71E4284550B8002983E9 = {
						CreatedOnToolsVersion = 13.1;
					};
				};
			};
			buildConfigurationList = 5FBA71E0284550B8002983E9 /* Build configuration list for PBXProject "VPNApp" */;
			compatibilityVersion = "Xcode 13.0";
			developmentRegion = en;
			hasScannedForEncodings = 0;
			knownRegions = (
				en,
				Base,
			);
			mainGroup = 5FBA71DC284550B8002983E9;
			productRefGroup = 5FBA71E6284550B8002983E9 /* Products */;
			projectDirPath = "";
			projectRoot = "";
			targets = (
				5FBA71E4284550B8002983E9 /* VPNApp */,
			);
		};
/* End PBXProject section */

/* Begin PBXResourcesBuildPhase section */
		5FBA71E3284550B8002983E9 /* Resources */ = {
			isa = PBXResourcesBuildPhase;
			buildActionMask = 2147483647;
			files = (
				5FB095A52861E1B000337C7B /* Montserrat-Bold.ttf in Resources */,
				5FB095A62861E1B000337C7B /* Montserrat-ExtraBold.ttf in Resources */,
				5FB0959C2860DF4A00337C7B /* Vector.png in Resources */,
				5FB095A72861E1B000337C7B /* Montserrat-Medium.ttf in Resources */,
				5FBA71F5284550BD002983E9 /* LaunchScreen.storyboard in Resources */,
				5FB0959A2860CE9F00337C7B /* logo@2x.png in Resources */,
				5FB095A82861E1B000337C7B /* Montserrat-SemiBold.ttf in Resources */,
				5FBA71F2284550BD002983E9 /* Assets.xcassets in Resources */,
			);
			runOnlyForDeploymentPostprocessing = 0;
		};
/* End PBXResourcesBuildPhase section */

/* Begin PBXShellScriptBuildPhase section */
		55C37E1C9C0AAB6384DBCF23 /* [CP] Check Pods Manifest.lock */ = {
			isa = PBXShellScriptBuildPhase;
			buildActionMask = 2147483647;
			files = (
			);
			inputFileListPaths = (
			);
			inputPaths = (
				"${PODS_PODFILE_DIR_PATH}/Podfile.lock",
				"${PODS_ROOT}/Manifest.lock",
			);
			name = "[CP] Check Pods Manifest.lock";
			outputFileListPaths = (
			);
			outputPaths = (
				"$(DERIVED_FILE_DIR)/Pods-VPNApp-checkManifestLockResult.txt",
			);
			runOnlyForDeploymentPostprocessing = 0;
			shellPath = /bin/sh;
			shellScript = "diff \"${PODS_PODFILE_DIR_PATH}/Podfile.lock\" \"${PODS_ROOT}/Manifest.lock\" > /dev/null\nif [ $? != 0 ] ; then\n    # print error to STDERR\n    echo \"error: The sandbox is not in sync with the Podfile.lock. Run 'pod install' or update your CocoaPods installation.\" >&2\n    exit 1\nfi\n# This output is used by Xcode 'outputs' to avoid re-running this script phase.\necho \"SUCCESS\" > \"${SCRIPT_OUTPUT_FILE_0}\"\n";
			showEnvVarsInLog = 0;
		};
		9E78EF4D6E6E5AD98A6021A4 /* [CP] Embed Pods Frameworks */ = {
			isa = PBXShellScriptBuildPhase;
			buildActionMask = 2147483647;
			files = (
			);
			inputFileListPaths = (
				"${PODS_ROOT}/Target Support Files/Pods-VPNApp/Pods-VPNApp-frameworks-${CONFIGURATION}-input-files.xcfilelist",
			);
			name = "[CP] Embed Pods Frameworks";
			outputFileListPaths = (
				"${PODS_ROOT}/Target Support Files/Pods-VPNApp/Pods-VPNApp-frameworks-${CONFIGURATION}-output-files.xcfilelist",
			);
			runOnlyForDeploymentPostprocessing = 0;
			shellPath = /bin/sh;
			shellScript = "\"${PODS_ROOT}/Target Support Files/Pods-VPNApp/Pods-VPNApp-frameworks.sh\"\n";
			showEnvVarsInLog = 0;
		};
/* End PBXShellScriptBuildPhase section */

/* Begin PBXSourcesBuildPhase section */
		5FBA71E1284550B8002983E9 /* Sources */ = {
			isa = PBXSourcesBuildPhase;
			buildActionMask = 2147483647;
			files = (
				5FD4218E28460E5200F15FB7 /* SearchResponse.swift in Sources */,
				5FD4219228464FCC00F15FB7 /* CurrentServerCustomView.swift in Sources */,
				5FBA71ED284550B8002983E9 /* FirstViewController.swift in Sources */,
				5FB095982860CD4C00337C7B /* VPNCustomView.swift in Sources */,
				5FB095762858A61D00337C7B /* SettingsViewController.swift in Sources */,
				5FD42188284606D100F15FB7 /* SelectServerViewController.swift in Sources */,
				5FBA71E9284550B8002983E9 /* AppDelegate.swift in Sources */,
				5FB095942860873B00337C7B /* SettingsCell.swift in Sources */,
				5FB095AC2862E38E00337C7B /* SubscribeCell.swift in Sources */,
				5FD4218C28460E1100F15FB7 /* NetworkService.swift in Sources */,
				5FB095962860CB5800337C7B /* PremiumSubscriptionCustomView.swift in Sources */,
				5FBA71EB284550B8002983E9 /* SceneDelegate.swift in Sources */,
				5FD4218A28460DEA00F15FB7 /* SelectServerTableViewCell.swift in Sources */,
				5FB095AA2862279400337C7B /* SubscribeScreenViewController.swift in Sources */,
				5FB09572284CE1C400337C7B /* SelectServerPresenter.swift in Sources */,
			);
			runOnlyForDeploymentPostprocessing = 0;
		};
/* End PBXSourcesBuildPhase section */

/* Begin PBXVariantGroup section */
		5FBA71F3284550BD002983E9 /* LaunchScreen.storyboard */ = {
			isa = PBXVariantGroup;
			children = (
				5FBA71F4284550BD002983E9 /* Base */,
			);
			name = LaunchScreen.storyboard;
			sourceTree = "<group>";
		};
/* End PBXVariantGroup section */

/* Begin XCBuildConfiguration section */
		5FBA71F7284550BD002983E9 /* Debug */ = {
			isa = XCBuildConfiguration;
			buildSettings = {
				ALWAYS_SEARCH_USER_PATHS = NO;
				CLANG_ANALYZER_NONNULL = YES;
				CLANG_ANALYZER_NUMBER_OBJECT_CONVERSION = YES_AGGRESSIVE;
				CLANG_CXX_LANGUAGE_STANDARD = "gnu++17";
				CLANG_CXX_LIBRARY = "libc++";
				CLANG_ENABLE_MODULES = YES;
				CLANG_ENABLE_OBJC_ARC = YES;
				CLANG_ENABLE_OBJC_WEAK = YES;
				CLANG_WARN_BLOCK_CAPTURE_AUTORELEASING = YES;
				CLANG_WARN_BOOL_CONVERSION = YES;
				CLANG_WARN_COMMA = YES;
				CLANG_WARN_CONSTANT_CONVERSION = YES;
				CLANG_WARN_DEPRECATED_OBJC_IMPLEMENTATIONS = YES;
				CLANG_WARN_DIRECT_OBJC_ISA_USAGE = YES_ERROR;
				CLANG_WARN_DOCUMENTATION_COMMENTS = YES;
				CLANG_WARN_EMPTY_BODY = YES;
				CLANG_WARN_ENUM_CONVERSION = YES;
				CLANG_WARN_INFINITE_RECURSION = YES;
				CLANG_WARN_INT_CONVERSION = YES;
				CLANG_WARN_NON_LITERAL_NULL_CONVERSION = YES;
				CLANG_WARN_OBJC_IMPLICIT_RETAIN_SELF = YES;
				CLANG_WARN_OBJC_LITERAL_CONVERSION = YES;
				CLANG_WARN_OBJC_ROOT_CLASS = YES_ERROR;
				CLANG_WARN_QUOTED_INCLUDE_IN_FRAMEWORK_HEADER = YES;
				CLANG_WARN_RANGE_LOOP_ANALYSIS = YES;
				CLANG_WARN_STRICT_PROTOTYPES = YES;
				CLANG_WARN_SUSPICIOUS_MOVE = YES;
				CLANG_WARN_UNGUARDED_AVAILABILITY = YES_AGGRESSIVE;
				CLANG_WARN_UNREACHABLE_CODE = YES;
				CLANG_WARN__DUPLICATE_METHOD_MATCH = YES;
				COPY_PHASE_STRIP = NO;
				DEBUG_INFORMATION_FORMAT = dwarf;
				ENABLE_STRICT_OBJC_MSGSEND = YES;
				ENABLE_TESTABILITY = YES;
				GCC_C_LANGUAGE_STANDARD = gnu11;
				GCC_DYNAMIC_NO_PIC = NO;
				GCC_NO_COMMON_BLOCKS = YES;
				GCC_OPTIMIZATION_LEVEL = 0;
				GCC_PREPROCESSOR_DEFINITIONS = (
					"DEBUG=1",
					"$(inherited)",
				);
				GCC_WARN_64_TO_32_BIT_CONVERSION = YES;
				GCC_WARN_ABOUT_RETURN_TYPE = YES_ERROR;
				GCC_WARN_UNDECLARED_SELECTOR = YES;
				GCC_WARN_UNINITIALIZED_AUTOS = YES_AGGRESSIVE;
				GCC_WARN_UNUSED_FUNCTION = YES;
				GCC_WARN_UNUSED_VARIABLE = YES;
				IPHONEOS_DEPLOYMENT_TARGET = 15.0;
				MTL_ENABLE_DEBUG_INFO = INCLUDE_SOURCE;
				MTL_FAST_MATH = YES;
				ONLY_ACTIVE_ARCH = YES;
				SDKROOT = iphoneos;
				SWIFT_ACTIVE_COMPILATION_CONDITIONS = DEBUG;
				SWIFT_OPTIMIZATION_LEVEL = "-Onone";
			};
			name = Debug;
		};
		5FBA71F8284550BD002983E9 /* Release */ = {
			isa = XCBuildConfiguration;
			buildSettings = {
				ALWAYS_SEARCH_USER_PATHS = NO;
				CLANG_ANALYZER_NONNULL = YES;
				CLANG_ANALYZER_NUMBER_OBJECT_CONVERSION = YES_AGGRESSIVE;
				CLANG_CXX_LANGUAGE_STANDARD = "gnu++17";
				CLANG_CXX_LIBRARY = "libc++";
				CLANG_ENABLE_MODULES = YES;
				CLANG_ENABLE_OBJC_ARC = YES;
				CLANG_ENABLE_OBJC_WEAK = YES;
				CLANG_WARN_BLOCK_CAPTURE_AUTORELEASING = YES;
				CLANG_WARN_BOOL_CONVERSION = YES;
				CLANG_WARN_COMMA = YES;
				CLANG_WARN_CONSTANT_CONVERSION = YES;
				CLANG_WARN_DEPRECATED_OBJC_IMPLEMENTATIONS = YES;
				CLANG_WARN_DIRECT_OBJC_ISA_USAGE = YES_ERROR;
				CLANG_WARN_DOCUMENTATION_COMMENTS = YES;
				CLANG_WARN_EMPTY_BODY = YES;
				CLANG_WARN_ENUM_CONVERSION = YES;
				CLANG_WARN_INFINITE_RECURSION = YES;
				CLANG_WARN_INT_CONVERSION = YES;
				CLANG_WARN_NON_LITERAL_NULL_CONVERSION = YES;
				CLANG_WARN_OBJC_IMPLICIT_RETAIN_SELF = YES;
				CLANG_WARN_OBJC_LITERAL_CONVERSION = YES;
				CLANG_WARN_OBJC_ROOT_CLASS = YES_ERROR;
				CLANG_WARN_QUOTED_INCLUDE_IN_FRAMEWORK_HEADER = YES;
				CLANG_WARN_RANGE_LOOP_ANALYSIS = YES;
				CLANG_WARN_STRICT_PROTOTYPES = YES;
				CLANG_WARN_SUSPICIOUS_MOVE = YES;
				CLANG_WARN_UNGUARDED_AVAILABILITY = YES_AGGRESSIVE;
				CLANG_WARN_UNREACHABLE_CODE = YES;
				CLANG_WARN__DUPLICATE_METHOD_MATCH = YES;
				COPY_PHASE_STRIP = NO;
				DEBUG_INFORMATION_FORMAT = "dwarf-with-dsym";
				ENABLE_NS_ASSERTIONS = NO;
				ENABLE_STRICT_OBJC_MSGSEND = YES;
				GCC_C_LANGUAGE_STANDARD = gnu11;
				GCC_NO_COMMON_BLOCKS = YES;
				GCC_WARN_64_TO_32_BIT_CONVERSION = YES;
				GCC_WARN_ABOUT_RETURN_TYPE = YES_ERROR;
				GCC_WARN_UNDECLARED_SELECTOR = YES;
				GCC_WARN_UNINITIALIZED_AUTOS = YES_AGGRESSIVE;
				GCC_WARN_UNUSED_FUNCTION = YES;
				GCC_WARN_UNUSED_VARIABLE = YES;
				IPHONEOS_DEPLOYMENT_TARGET = 15.0;
				MTL_ENABLE_DEBUG_INFO = NO;
				MTL_FAST_MATH = YES;
				SDKROOT = iphoneos;
				SWIFT_COMPILATION_MODE = wholemodule;
				SWIFT_OPTIMIZATION_LEVEL = "-O";
				VALIDATE_PRODUCT = YES;
			};
			name = Release;
		};
		5FBA71FA284550BD002983E9 /* Debug */ = {
			isa = XCBuildConfiguration;
			baseConfigurationReference = FA273BD46B92079A8AB96266 /* Pods-VPNApp.debug.xcconfig */;
			buildSettings = {
				ASSETCATALOG_COMPILER_APPICON_NAME = AppIcon;
				ASSETCATALOG_COMPILER_GLOBAL_ACCENT_COLOR_NAME = AccentColor;
				CODE_SIGN_STYLE = Automatic;
				CURRENT_PROJECT_VERSION = 1;
				DEVELOPMENT_TEAM = BVY3Y34K3N;
				GENERATE_INFOPLIST_FILE = YES;
				INFOPLIST_FILE = VPNApp/Info.plist;
				INFOPLIST_KEY_UIApplicationSupportsIndirectInputEvents = YES;
				INFOPLIST_KEY_UILaunchStoryboardName = LaunchScreen;
				INFOPLIST_KEY_UISupportedInterfaceOrientations_iPad = "UIInterfaceOrientationPortrait UIInterfaceOrientationPortraitUpsideDown UIInterfaceOrientationLandscapeLeft UIInterfaceOrientationLandscapeRight";
				INFOPLIST_KEY_UISupportedInterfaceOrientations_iPhone = "UIInterfaceOrientationPortrait UIInterfaceOrientationLandscapeLeft UIInterfaceOrientationLandscapeRight";
				LD_RUNPATH_SEARCH_PATHS = (
					"$(inherited)",
					"@executable_path/Frameworks",
				);
				MARKETING_VERSION = 1.0;
				PRODUCT_BUNDLE_IDENTIFIER = com.dzhafar.VPNApp;
				PRODUCT_NAME = "$(TARGET_NAME)";
				SWIFT_EMIT_LOC_STRINGS = YES;
				SWIFT_VERSION = 5.0;
				TARGETED_DEVICE_FAMILY = "1,2";
			};
			name = Debug;
		};
		5FBA71FB284550BD002983E9 /* Release */ = {
			isa = XCBuildConfiguration;
			baseConfigurationReference = E879AB0AC29D8388E517711D /* Pods-VPNApp.release.xcconfig */;
			buildSettings = {
				ASSETCATALOG_COMPILER_APPICON_NAME = AppIcon;
				ASSETCATALOG_COMPILER_GLOBAL_ACCENT_COLOR_NAME = AccentColor;
				CODE_SIGN_STYLE = Automatic;
				CURRENT_PROJECT_VERSION = 1;
				DEVELOPMENT_TEAM = BVY3Y34K3N;
				GENERATE_INFOPLIST_FILE = YES;
				INFOPLIST_FILE = VPNApp/Info.plist;
				INFOPLIST_KEY_UIApplicationSupportsIndirectInputEvents = YES;
				INFOPLIST_KEY_UILaunchStoryboardName = LaunchScreen;
				INFOPLIST_KEY_UISupportedInterfaceOrientations_iPad = "UIInterfaceOrientationPortrait UIInterfaceOrientationPortraitUpsideDown UIInterfaceOrientationLandscapeLeft UIInterfaceOrientationLandscapeRight";
				INFOPLIST_KEY_UISupportedInterfaceOrientations_iPhone = "UIInterfaceOrientationPortrait UIInterfaceOrientationLandscapeLeft UIInterfaceOrientationLandscapeRight";
				LD_RUNPATH_SEARCH_PATHS = (
					"$(inherited)",
					"@executable_path/Frameworks",
				);
				MARKETING_VERSION = 1.0;
				PRODUCT_BUNDLE_IDENTIFIER = com.dzhafar.VPNApp;
				PRODUCT_NAME = "$(TARGET_NAME)";
				SWIFT_EMIT_LOC_STRINGS = YES;
				SWIFT_VERSION = 5.0;
				TARGETED_DEVICE_FAMILY = "1,2";
			};
			name = Release;
		};
/* End XCBuildConfiguration section */

/* Begin XCConfigurationList section */
		5FBA71E0284550B8002983E9 /* Build configuration list for PBXProject "VPNApp" */ = {
			isa = XCConfigurationList;
			buildConfigurations = (
				5FBA71F7284550BD002983E9 /* Debug */,
				5FBA71F8284550BD002983E9 /* Release */,
			);
			defaultConfigurationIsVisible = 0;
			defaultConfigurationName = Release;
		};
		5FBA71F9284550BD002983E9 /* Build configuration list for PBXNativeTarget "VPNApp" */ = {
			isa = XCConfigurationList;
			buildConfigurations = (
				5FBA71FA284550BD002983E9 /* Debug */,
				5FBA71FB284550BD002983E9 /* Release */,
			);
			defaultConfigurationIsVisible = 0;
			defaultConfigurationName = Release;
		};
/* End XCConfigurationList section */
	};
	rootObject = 5FBA71DD284550B8002983E9 /* Project object */;
}
